// !$*UTF8*$!
{
	archiveVersion = 1;
	classes = {
	};
	objectVersion = 56;
	objects = {

/* Begin PBXBuildFile section */
		7802A5E62ADFF095008467A5 /* ScrumdignerApp.swift in Sources */ = {isa = PBXBuildFile; fileRef = 7802A5E52ADFF095008467A5 /* ScrumdignerApp.swift */; };
		7802A5E82ADFF095008467A5 /* MeetingView.swift in Sources */ = {isa = PBXBuildFile; fileRef = 7802A5E72ADFF095008467A5 /* MeetingView.swift */; };
		7802A5ED2ADFF097008467A5 /* Preview Assets.xcassets in Resources */ = {isa = PBXBuildFile; fileRef = 7802A5EC2ADFF097008467A5 /* Preview Assets.xcassets */; };
		7802A5F72AE04FDB008467A5 /* DailyScrum.swift in Sources */ = {isa = PBXBuildFile; fileRef = 7802A5F62AE04FDB008467A5 /* DailyScrum.swift */; };
		7802A5F92AE05135008467A5 /* CardView.swift in Sources */ = {isa = PBXBuildFile; fileRef = 7802A5F82AE05135008467A5 /* CardView.swift */; };
		780BAD382AE6DB3600925516 /* DetailEditView.swift in Sources */ = {isa = PBXBuildFile; fileRef = 780BAD372AE6DB3600925516 /* DetailEditView.swift */; };
		781A9DAE2AE8FB3B007D5A16 /* ThemeView.swift in Sources */ = {isa = PBXBuildFile; fileRef = 781A9DAD2AE8FB3B007D5A16 /* ThemeView.swift */; };
		781A9DB12AE90687007D5A16 /* ThemePickerView.swift in Sources */ = {isa = PBXBuildFile; fileRef = 781A9DB02AE90687007D5A16 /* ThemePickerView.swift */; };
		781A9DB32AF01516007D5A16 /* MeetingHeaderView.swift in Sources */ = {isa = PBXBuildFile; fileRef = 781A9DB22AF01516007D5A16 /* MeetingHeaderView.swift */; };
		781A9DC52AF0354E007D5A16 /* ScrumProgressViewStyle.swift in Sources */ = {isa = PBXBuildFile; fileRef = 781A9DC42AF0354E007D5A16 /* ScrumProgressViewStyle.swift */; };
		781A9DC92AF0360E007D5A16 /* LICENSE in Resources */ = {isa = PBXBuildFile; fileRef = 781A9DC82AF0360E007D5A16 /* LICENSE */; };
		781A9DCF2AF03968007D5A16 /* Theme.swift in Sources */ = {isa = PBXBuildFile; fileRef = 781A9DCC2AF03967007D5A16 /* Theme.swift */; };
		781A9DD02AF03968007D5A16 /* AVPlayer+Ding.swift in Sources */ = {isa = PBXBuildFile; fileRef = 781A9DCD2AF03967007D5A16 /* AVPlayer+Ding.swift */; };
		781A9DD12AF03968007D5A16 /* ScrumTimer.swift in Sources */ = {isa = PBXBuildFile; fileRef = 781A9DCE2AF03968007D5A16 /* ScrumTimer.swift */; };
		781A9DD32AF03972007D5A16 /* Assets.xcassets in Resources */ = {isa = PBXBuildFile; fileRef = 781A9DD22AF03972007D5A16 /* Assets.xcassets */; };
		784767F32AF2C9790036CE6B /* MeetingFooterView.swift in Sources */ = {isa = PBXBuildFile; fileRef = 784767F22AF2C9790036CE6B /* MeetingFooterView.swift */; };
		788462AD2AE062A800777C44 /* TrailingIconLabelStyle.swift in Sources */ = {isa = PBXBuildFile; fileRef = 788462AC2AE062A800777C44 /* TrailingIconLabelStyle.swift */; };
		788462AF2AE2A20300777C44 /* ScrumView.swift in Sources */ = {isa = PBXBuildFile; fileRef = 788462AE2AE2A20300777C44 /* ScrumView.swift */; };
		788462B12AE4DC8500777C44 /* DetailView.swift in Sources */ = {isa = PBXBuildFile; fileRef = 788462B02AE4DC8500777C44 /* DetailView.swift */; };
		78CE96D32AF3EEE100377428 /* ding.wav in Resources */ = {isa = PBXBuildFile; fileRef = 78CE96D22AF3EEE100377428 /* ding.wav */; };
		78CE96D52AF3F42600377428 /* NewScrumSheet.swift in Sources */ = {isa = PBXBuildFile; fileRef = 78CE96D42AF3F42600377428 /* NewScrumSheet.swift */; };
		78CE96D72AF3FD9F00377428 /* History.swift in Sources */ = {isa = PBXBuildFile; fileRef = 78CE96D62AF3FD9F00377428 /* History.swift */; };
		78CE96D92AF419B300377428 /* ScrumStore.swift in Sources */ = {isa = PBXBuildFile; fileRef = 78CE96D82AF419B300377428 /* ScrumStore.swift */; };
/* End PBXBuildFile section */

/* Begin PBXFileReference section */
		7802A5E22ADFF095008467A5 /* Scrumdigner.app */ = {isa = PBXFileReference; explicitFileType = wrapper.application; includeInIndex = 0; path = Scrumdigner.app; sourceTree = BUILT_PRODUCTS_DIR; };
		7802A5E52ADFF095008467A5 /* ScrumdignerApp.swift */ = {isa = PBXFileReference; lastKnownFileType = sourcecode.swift; path = ScrumdignerApp.swift; sourceTree = "<group>"; };
		7802A5E72ADFF095008467A5 /* MeetingView.swift */ = {isa = PBXFileReference; lastKnownFileType = sourcecode.swift; path = MeetingView.swift; sourceTree = "<group>"; };
		7802A5EC2ADFF097008467A5 /* Preview Assets.xcassets */ = {isa = PBXFileReference; lastKnownFileType = folder.assetcatalog; path = "Preview Assets.xcassets"; sourceTree = "<group>"; };
		7802A5F62AE04FDB008467A5 /* DailyScrum.swift */ = {isa = PBXFileReference; lastKnownFileType = sourcecode.swift; path = DailyScrum.swift; sourceTree = "<group>"; };
		7802A5F82AE05135008467A5 /* CardView.swift */ = {isa = PBXFileReference; lastKnownFileType = sourcecode.swift; path = CardView.swift; sourceTree = "<group>"; };
		780BAD372AE6DB3600925516 /* DetailEditView.swift */ = {isa = PBXFileReference; lastKnownFileType = sourcecode.swift; path = DetailEditView.swift; sourceTree = "<group>"; };
		781A9DAD2AE8FB3B007D5A16 /* ThemeView.swift */ = {isa = PBXFileReference; lastKnownFileType = sourcecode.swift; path = ThemeView.swift; sourceTree = "<group>"; };
		781A9DB02AE90687007D5A16 /* ThemePickerView.swift */ = {isa = PBXFileReference; lastKnownFileType = sourcecode.swift; path = ThemePickerView.swift; sourceTree = "<group>"; };
		781A9DB22AF01516007D5A16 /* MeetingHeaderView.swift */ = {isa = PBXFileReference; lastKnownFileType = sourcecode.swift; path = MeetingHeaderView.swift; sourceTree = "<group>"; };
		781A9DC42AF0354E007D5A16 /* ScrumProgressViewStyle.swift */ = {isa = PBXFileReference; lastKnownFileType = sourcecode.swift; path = ScrumProgressViewStyle.swift; sourceTree = "<group>"; };
		781A9DC82AF0360E007D5A16 /* LICENSE */ = {isa = PBXFileReference; lastKnownFileType = folder; path = LICENSE; sourceTree = "<group>"; };
		781A9DCC2AF03967007D5A16 /* Theme.swift */ = {isa = PBXFileReference; fileEncoding = 4; lastKnownFileType = sourcecode.swift; name = Theme.swift; path = ../../../../../Downloads/ManagingStateAndLifeCycle/StartingProject/Scrumdinger/Models/Theme.swift; sourceTree = "<group>"; };
		781A9DCD2AF03967007D5A16 /* AVPlayer+Ding.swift */ = {isa = PBXFileReference; fileEncoding = 4; lastKnownFileType = sourcecode.swift; name = "AVPlayer+Ding.swift"; path = "../../../../../Downloads/ManagingStateAndLifeCycle/StartingProject/Scrumdinger/Models/AVPlayer+Ding.swift"; sourceTree = "<group>"; };
		781A9DCE2AF03968007D5A16 /* ScrumTimer.swift */ = {isa = PBXFileReference; fileEncoding = 4; lastKnownFileType = sourcecode.swift; name = ScrumTimer.swift; path = ../../../../../Downloads/ManagingStateAndLifeCycle/StartingProject/Scrumdinger/Models/ScrumTimer.swift; sourceTree = "<group>"; };
		781A9DD22AF03972007D5A16 /* Assets.xcassets */ = {isa = PBXFileReference; lastKnownFileType = folder.assetcatalog; name = Assets.xcassets; path = ../../../../Downloads/ManagingStateAndLifeCycle/StartingProject/Scrumdinger/Assets.xcassets; sourceTree = "<group>"; };
		784767F22AF2C9790036CE6B /* MeetingFooterView.swift */ = {isa = PBXFileReference; lastKnownFileType = sourcecode.swift; path = MeetingFooterView.swift; sourceTree = "<group>"; };
		788462AC2AE062A800777C44 /* TrailingIconLabelStyle.swift */ = {isa = PBXFileReference; lastKnownFileType = sourcecode.swift; path = TrailingIconLabelStyle.swift; sourceTree = "<group>"; };
		788462AE2AE2A20300777C44 /* ScrumView.swift */ = {isa = PBXFileReference; lastKnownFileType = sourcecode.swift; path = ScrumView.swift; sourceTree = "<group>"; };
		788462B02AE4DC8500777C44 /* DetailView.swift */ = {isa = PBXFileReference; lastKnownFileType = sourcecode.swift; path = DetailView.swift; sourceTree = "<group>"; };
		78CE96D22AF3EEE100377428 /* ding.wav */ = {isa = PBXFileReference; lastKnownFileType = audio.wav; name = ding.wav; path = ../../../../../Downloads/UpdatingAppData/StartingProject/Scrumdinger/Resources/ding.wav; sourceTree = "<group>"; };
		78CE96D42AF3F42600377428 /* NewScrumSheet.swift */ = {isa = PBXFileReference; lastKnownFileType = sourcecode.swift; path = NewScrumSheet.swift; sourceTree = "<group>"; };
		78CE96D62AF3FD9F00377428 /* History.swift */ = {isa = PBXFileReference; lastKnownFileType = sourcecode.swift; path = History.swift; sourceTree = "<group>"; };
		78CE96D82AF419B300377428 /* ScrumStore.swift */ = {isa = PBXFileReference; lastKnownFileType = sourcecode.swift; path = ScrumStore.swift; sourceTree = "<group>"; };
/* End PBXFileReference section */

/* Begin PBXFrameworksBuildPhase section */
		7802A5DF2ADFF095008467A5 /* Frameworks */ = {
			isa = PBXFrameworksBuildPhase;
			buildActionMask = 2147483647;
			files = (
			);
			runOnlyForDeploymentPostprocessing = 0;
		};
/* End PBXFrameworksBuildPhase section */

/* Begin PBXGroup section */
		7802A5D92ADFF095008467A5 = {
			isa = PBXGroup;
			children = (
				7802A5E42ADFF095008467A5 /* Scrumdigner */,
				7802A5E32ADFF095008467A5 /* Products */,
			);
			sourceTree = "<group>";
		};
		7802A5E32ADFF095008467A5 /* Products */ = {
			isa = PBXGroup;
			children = (
				7802A5E22ADFF095008467A5 /* Scrumdigner.app */,
			);
			name = Products;
			sourceTree = "<group>";
		};
		7802A5E42ADFF095008467A5 /* Scrumdigner */ = {
			isa = PBXGroup;
			children = (
				784767F72AF3EB0C0036CE6B /* Resources */,
				781A9DD22AF03972007D5A16 /* Assets.xcassets */,
				781A9DAF2AE8FB4C007D5A16 /* Views */,
				7802A5F32AE04ED6008467A5 /* Models */,
				7802A5E52ADFF095008467A5 /* ScrumdignerApp.swift */,
				7802A5EB2ADFF097008467A5 /* Preview Content */,
			);
			path = Scrumdigner;
			sourceTree = "<group>";
		};
		7802A5EB2ADFF097008467A5 /* Preview Content */ = {
			isa = PBXGroup;
			children = (
				781A9DC82AF0360E007D5A16 /* LICENSE */,
				7802A5EC2ADFF097008467A5 /* Preview Assets.xcassets */,
			);
			path = "Preview Content";
			sourceTree = "<group>";
		};
		7802A5F32AE04ED6008467A5 /* Models */ = {
			isa = PBXGroup;
			children = (
				781A9DCD2AF03967007D5A16 /* AVPlayer+Ding.swift */,
				781A9DCE2AF03968007D5A16 /* ScrumTimer.swift */,
				781A9DCC2AF03967007D5A16 /* Theme.swift */,
				7802A5F62AE04FDB008467A5 /* DailyScrum.swift */,
				78CE96D62AF3FD9F00377428 /* History.swift */,
				78CE96D82AF419B300377428 /* ScrumStore.swift */,
			);
			path = Models;
			sourceTree = "<group>";
		};
		781A9DAF2AE8FB4C007D5A16 /* Views */ = {
			isa = PBXGroup;
			children = (
				788462AC2AE062A800777C44 /* TrailingIconLabelStyle.swift */,
				7802A5F82AE05135008467A5 /* CardView.swift */,
				7802A5E72ADFF095008467A5 /* MeetingView.swift */,
				781A9DAD2AE8FB3B007D5A16 /* ThemeView.swift */,
				788462AE2AE2A20300777C44 /* ScrumView.swift */,
				780BAD372AE6DB3600925516 /* DetailEditView.swift */,
				788462B02AE4DC8500777C44 /* DetailView.swift */,
				781A9DB02AE90687007D5A16 /* ThemePickerView.swift */,
				781A9DB22AF01516007D5A16 /* MeetingHeaderView.swift */,
				781A9DC42AF0354E007D5A16 /* ScrumProgressViewStyle.swift */,
				784767F22AF2C9790036CE6B /* MeetingFooterView.swift */,
				78CE96D42AF3F42600377428 /* NewScrumSheet.swift */,
			);
			path = Views;
			sourceTree = "<group>";
		};
		784767F72AF3EB0C0036CE6B /* Resources */ = {
			isa = PBXGroup;
			children = (
				78CE96D22AF3EEE100377428 /* ding.wav */,
			);
			path = Resources;
			sourceTree = "<group>";
		};
/* End PBXGroup section */

/* Begin PBXNativeTarget section */
		7802A5E12ADFF095008467A5 /* Scrumdigner */ = {
			isa = PBXNativeTarget;
			buildConfigurationList = 7802A5F02ADFF097008467A5 /* Build configuration list for PBXNativeTarget "Scrumdigner" */;
			buildPhases = (
				7802A5DE2ADFF095008467A5 /* Sources */,
				7802A5DF2ADFF095008467A5 /* Frameworks */,
				7802A5E02ADFF095008467A5 /* Resources */,
			);
			buildRules = (
			);
			dependencies = (
			);
			name = Scrumdigner;
			productName = Scrumdigner;
			productReference = 7802A5E22ADFF095008467A5 /* Scrumdigner.app */;
			productType = "com.apple.product-type.application";
		};
/* End PBXNativeTarget section */

/* Begin PBXProject section */
		7802A5DA2ADFF095008467A5 /* Project object */ = {
			isa = PBXProject;
			attributes = {
				BuildIndependentTargetsInParallel = 1;
				LastSwiftUpdateCheck = 1500;
				LastUpgradeCheck = 1500;
				TargetAttributes = {
					7802A5E12ADFF095008467A5 = {
						CreatedOnToolsVersion = 15.0;
					};
				};
			};
			buildConfigurationList = 7802A5DD2ADFF095008467A5 /* Build configuration list for PBXProject "Scrumdigner" */;
			compatibilityVersion = "Xcode 14.0";
			developmentRegion = en;
			hasScannedForEncodings = 0;
			knownRegions = (
				en,
				Base,
			);
			mainGroup = 7802A5D92ADFF095008467A5;
			productRefGroup = 7802A5E32ADFF095008467A5 /* Products */;
			projectDirPath = "";
			projectRoot = "";
			targets = (
				7802A5E12ADFF095008467A5 /* Scrumdigner */,
			);
		};
/* End PBXProject section */

/* Begin PBXResourcesBuildPhase section */
		7802A5E02ADFF095008467A5 /* Resources */ = {
			isa = PBXResourcesBuildPhase;
			buildActionMask = 2147483647;
			files = (
				781A9DC92AF0360E007D5A16 /* LICENSE in Resources */,
				781A9DD32AF03972007D5A16 /* Assets.xcassets in Resources */,
				78CE96D32AF3EEE100377428 /* ding.wav in Resources */,
				7802A5ED2ADFF097008467A5 /* Preview Assets.xcassets in Resources */,
			);
			runOnlyForDeploymentPostprocessing = 0;
		};
/* End PBXResourcesBuildPhase section */

/* Begin PBXSourcesBuildPhase section */
		7802A5DE2ADFF095008467A5 /* Sources */ = {
			isa = PBXSourcesBuildPhase;
			buildActionMask = 2147483647;
			files = (
				78CE96D72AF3FD9F00377428 /* History.swift in Sources */,
				7802A5F72AE04FDB008467A5 /* DailyScrum.swift in Sources */,
				781A9DC52AF0354E007D5A16 /* ScrumProgressViewStyle.swift in Sources */,
				788462B12AE4DC8500777C44 /* DetailView.swift in Sources */,
				780BAD382AE6DB3600925516 /* DetailEditView.swift in Sources */,
				781A9DCF2AF03968007D5A16 /* Theme.swift in Sources */,
				78CE96D92AF419B300377428 /* ScrumStore.swift in Sources */,
				784767F32AF2C9790036CE6B /* MeetingFooterView.swift in Sources */,
				781A9DB32AF01516007D5A16 /* MeetingHeaderView.swift in Sources */,
				788462AF2AE2A20300777C44 /* ScrumView.swift in Sources */,
				78CE96D52AF3F42600377428 /* NewScrumSheet.swift in Sources */,
				788462AD2AE062A800777C44 /* TrailingIconLabelStyle.swift in Sources */,
				781A9DB12AE90687007D5A16 /* ThemePickerView.swift in Sources */,
				781A9DD12AF03968007D5A16 /* ScrumTimer.swift in Sources */,
				781A9DD02AF03968007D5A16 /* AVPlayer+Ding.swift in Sources */,
				7802A5E82ADFF095008467A5 /* MeetingView.swift in Sources */,
				7802A5E62ADFF095008467A5 /* ScrumdignerApp.swift in Sources */,
				781A9DAE2AE8FB3B007D5A16 /* ThemeView.swift in Sources */,
				7802A5F92AE05135008467A5 /* CardView.swift in Sources */,
			);
			runOnlyForDeploymentPostprocessing = 0;
		};
/* End PBXSourcesBuildPhase section */

/* Begin XCBuildConfiguration section */
		7802A5EE2ADFF097008467A5 /* Debug */ = {
			isa = XCBuildConfiguration;
			buildSettings = {
				ALWAYS_SEARCH_USER_PATHS = NO;
				ASSETCATALOG_COMPILER_GENERATE_SWIFT_ASSET_SYMBOL_EXTENSIONS = YES;
				CLANG_ANALYZER_NONNULL = YES;
				CLANG_ANALYZER_NUMBER_OBJECT_CONVERSION = YES_AGGRESSIVE;
				CLANG_CXX_LANGUAGE_STANDARD = "gnu++20";
				CLANG_ENABLE_MODULES = YES;
				CLANG_ENABLE_OBJC_ARC = YES;
				CLANG_ENABLE_OBJC_WEAK = YES;
				CLANG_WARN_BLOCK_CAPTURE_AUTORELEASING = YES;
				CLANG_WARN_BOOL_CONVERSION = YES;
				CLANG_WARN_COMMA = YES;
				CLANG_WARN_CONSTANT_CONVERSION = YES;
				CLANG_WARN_DEPRECATED_OBJC_IMPLEMENTATIONS = YES;
				CLANG_WARN_DIRECT_OBJC_ISA_USAGE = YES_ERROR;
				CLANG_WARN_DOCUMENTATION_COMMENTS = YES;
				CLANG_WARN_EMPTY_BODY = YES;
				CLANG_WARN_ENUM_CONVERSION = YES;
				CLANG_WARN_INFINITE_RECURSION = YES;
				CLANG_WARN_INT_CONVERSION = YES;
				CLANG_WARN_NON_LITERAL_NULL_CONVERSION = YES;
				CLANG_WARN_OBJC_IMPLICIT_RETAIN_SELF = YES;
				CLANG_WARN_OBJC_LITERAL_CONVERSION = YES;
				CLANG_WARN_OBJC_ROOT_CLASS = YES_ERROR;
				CLANG_WARN_QUOTED_INCLUDE_IN_FRAMEWORK_HEADER = YES;
				CLANG_WARN_RANGE_LOOP_ANALYSIS = YES;
				CLANG_WARN_STRICT_PROTOTYPES = YES;
				CLANG_WARN_SUSPICIOUS_MOVE = YES;
				CLANG_WARN_UNGUARDED_AVAILABILITY = YES_AGGRESSIVE;
				CLANG_WARN_UNREACHABLE_CODE = YES;
				CLANG_WARN__DUPLICATE_METHOD_MATCH = YES;
				COPY_PHASE_STRIP = NO;
				DEBUG_INFORMATION_FORMAT = dwarf;
				ENABLE_STRICT_OBJC_MSGSEND = YES;
				ENABLE_TESTABILITY = YES;
				ENABLE_USER_SCRIPT_SANDBOXING = YES;
				GCC_C_LANGUAGE_STANDARD = gnu17;
				GCC_DYNAMIC_NO_PIC = NO;
				GCC_NO_COMMON_BLOCKS = YES;
				GCC_OPTIMIZATION_LEVEL = 0;
				GCC_PREPROCESSOR_DEFINITIONS = (
					"DEBUG=1",
					"$(inherited)",
				);
				GCC_WARN_64_TO_32_BIT_CONVERSION = YES;
				GCC_WARN_ABOUT_RETURN_TYPE = YES_ERROR;
				GCC_WARN_UNDECLARED_SELECTOR = YES;
				GCC_WARN_UNINITIALIZED_AUTOS = YES_AGGRESSIVE;
				GCC_WARN_UNUSED_FUNCTION = YES;
				GCC_WARN_UNUSED_VARIABLE = YES;
				IPHONEOS_DEPLOYMENT_TARGET = 17.0;
				LOCALIZATION_PREFERS_STRING_CATALOGS = YES;
				MTL_ENABLE_DEBUG_INFO = INCLUDE_SOURCE;
				MTL_FAST_MATH = YES;
				ONLY_ACTIVE_ARCH = YES;
				SDKROOT = iphoneos;
				SWIFT_ACTIVE_COMPILATION_CONDITIONS = "DEBUG $(inherited)";
				SWIFT_OPTIMIZATION_LEVEL = "-Onone";
			};
			name = Debug;
		};
		7802A5EF2ADFF097008467A5 /* Release */ = {
			isa = XCBuildConfiguration;
			buildSettings = {
				ALWAYS_SEARCH_USER_PATHS = NO;
				ASSETCATALOG_COMPILER_GENERATE_SWIFT_ASSET_SYMBOL_EXTENSIONS = YES;
				CLANG_ANALYZER_NONNULL = YES;
				CLANG_ANALYZER_NUMBER_OBJECT_CONVERSION = YES_AGGRESSIVE;
				CLANG_CXX_LANGUAGE_STANDARD = "gnu++20";
				CLANG_ENABLE_MODULES = YES;
				CLANG_ENABLE_OBJC_ARC = YES;
				CLANG_ENABLE_OBJC_WEAK = YES;
				CLANG_WARN_BLOCK_CAPTURE_AUTORELEASING = YES;
				CLANG_WARN_BOOL_CONVERSION = YES;
				CLANG_WARN_COMMA = YES;
				CLANG_WARN_CONSTANT_CONVERSION = YES;
				CLANG_WARN_DEPRECATED_OBJC_IMPLEMENTATIONS = YES;
				CLANG_WARN_DIRECT_OBJC_ISA_USAGE = YES_ERROR;
				CLANG_WARN_DOCUMENTATION_COMMENTS = YES;
				CLANG_WARN_EMPTY_BODY = YES;
				CLANG_WARN_ENUM_CONVERSION = YES;
				CLANG_WARN_INFINITE_RECURSION = YES;
				CLANG_WARN_INT_CONVERSION = YES;
				CLANG_WARN_NON_LITERAL_NULL_CONVERSION = YES;
				CLANG_WARN_OBJC_IMPLICIT_RETAIN_SELF = YES;
				CLANG_WARN_OBJC_LITERAL_CONVERSION = YES;
				CLANG_WARN_OBJC_ROOT_CLASS = YES_ERROR;
				CLANG_WARN_QUOTED_INCLUDE_IN_FRAMEWORK_HEADER = YES;
				CLANG_WARN_RANGE_LOOP_ANALYSIS = YES;
				CLANG_WARN_STRICT_PROTOTYPES = YES;
				CLANG_WARN_SUSPICIOUS_MOVE = YES;
				CLANG_WARN_UNGUARDED_AVAILABILITY = YES_AGGRESSIVE;
				CLANG_WARN_UNREACHABLE_CODE = YES;
				CLANG_WARN__DUPLICATE_METHOD_MATCH = YES;
				COPY_PHASE_STRIP = NO;
				DEBUG_INFORMATION_FORMAT = "dwarf-with-dsym";
				ENABLE_NS_ASSERTIONS = NO;
				ENABLE_STRICT_OBJC_MSGSEND = YES;
				ENABLE_USER_SCRIPT_SANDBOXING = YES;
				GCC_C_LANGUAGE_STANDARD = gnu17;
				GCC_NO_COMMON_BLOCKS = YES;
				GCC_WARN_64_TO_32_BIT_CONVERSION = YES;
				GCC_WARN_ABOUT_RETURN_TYPE = YES_ERROR;
				GCC_WARN_UNDECLARED_SELECTOR = YES;
				GCC_WARN_UNINITIALIZED_AUTOS = YES_AGGRESSIVE;
				GCC_WARN_UNUSED_FUNCTION = YES;
				GCC_WARN_UNUSED_VARIABLE = YES;
				IPHONEOS_DEPLOYMENT_TARGET = 17.0;
				LOCALIZATION_PREFERS_STRING_CATALOGS = YES;
				MTL_ENABLE_DEBUG_INFO = NO;
				MTL_FAST_MATH = YES;
				SDKROOT = iphoneos;
				SWIFT_COMPILATION_MODE = wholemodule;
				VALIDATE_PRODUCT = YES;
			};
			name = Release;
		};
		7802A5F12ADFF097008467A5 /* Debug */ = {
			isa = XCBuildConfiguration;
			buildSettings = {
				ASSETCATALOG_COMPILER_APPICON_NAME = AppIcon;
				ASSETCATALOG_COMPILER_GLOBAL_ACCENT_COLOR_NAME = AccentColor;
				CODE_SIGN_STYLE = Automatic;
				CURRENT_PROJECT_VERSION = 1;
				DEVELOPMENT_ASSET_PATHS = "\"Scrumdigner/Preview Content\"";
				DEVELOPMENT_TEAM = RKZ389A98Q;
				ENABLE_PREVIEWS = YES;
				GENERATE_INFOPLIST_FILE = YES;
				INFOPLIST_KEY_UIApplicationSceneManifest_Generation = YES;
				INFOPLIST_KEY_UIApplicationSupportsIndirectInputEvents = YES;
				INFOPLIST_KEY_UILaunchScreen_Generation = YES;
				INFOPLIST_KEY_UISupportedInterfaceOrientations_iPad = "UIInterfaceOrientationPortrait UIInterfaceOrientationPortraitUpsideDown UIInterfaceOrientationLandscapeLeft UIInterfaceOrientationLandscapeRight";
				INFOPLIST_KEY_UISupportedInterfaceOrientations_iPhone = "UIInterfaceOrientationPortrait UIInterfaceOrientationLandscapeLeft UIInterfaceOrientationLandscapeRight";
				LD_RUNPATH_SEARCH_PATHS = (
					"$(inherited)",
					"@executable_path/Frameworks",
				);
				MARKETING_VERSION = 1.0;
				PRODUCT_BUNDLE_IDENTIFIER = cstern.Scrumdigner;
				PRODUCT_NAME = "$(TARGET_NAME)";
				SWIFT_EMIT_LOC_STRINGS = YES;
				SWIFT_VERSION = 5.0;
				TARGETED_DEVICE_FAMILY = "1,2";
			};
			name = Debug;
		};
		7802A5F22ADFF097008467A5 /* Release */ = {
			isa = XCBuildConfiguration;
			buildSettings = {
				ASSETCATALOG_COMPILER_APPICON_NAME = AppIcon;
				ASSETCATALOG_COMPILER_GLOBAL_ACCENT_COLOR_NAME = AccentColor;
				CODE_SIGN_STYLE = Automatic;
				CURRENT_PROJECT_VERSION = 1;
				DEVELOPMENT_ASSET_PATHS = "\"Scrumdigner/Preview Content\"";
				DEVELOPMENT_TEAM = RKZ389A98Q;
				ENABLE_PREVIEWS = YES;
				GENERATE_INFOPLIST_FILE = YES;
				INFOPLIST_KEY_UIApplicationSceneManifest_Generation = YES;
				INFOPLIST_KEY_UIApplicationSupportsIndirectInputEvents = YES;
				INFOPLIST_KEY_UILaunchScreen_Generation = YES;
				INFOPLIST_KEY_UISupportedInterfaceOrientations_iPad = "UIInterfaceOrientationPortrait UIInterfaceOrientationPortraitUpsideDown UIInterfaceOrientationLandscapeLeft UIInterfaceOrientationLandscapeRight";
				INFOPLIST_KEY_UISupportedInterfaceOrientations_iPhone = "UIInterfaceOrientationPortrait UIInterfaceOrientationLandscapeLeft UIInterfaceOrientationLandscapeRight";
				LD_RUNPATH_SEARCH_PATHS = (
					"$(inherited)",
					"@executable_path/Frameworks",
				);
				MARKETING_VERSION = 1.0;
				PRODUCT_BUNDLE_IDENTIFIER = cstern.Scrumdigner;
				PRODUCT_NAME = "$(TARGET_NAME)";
				SWIFT_EMIT_LOC_STRINGS = YES;
				SWIFT_VERSION = 5.0;
				TARGETED_DEVICE_FAMILY = "1,2";
			};
			name = Release;
		};
/* End XCBuildConfiguration section */

/* Begin XCConfigurationList section */
		7802A5DD2ADFF095008467A5 /* Build configuration list for PBXProject "Scrumdigner" */ = {
			isa = XCConfigurationList;
			buildConfigurations = (
				7802A5EE2ADFF097008467A5 /* Debug */,
				7802A5EF2ADFF097008467A5 /* Release */,
			);
			defaultConfigurationIsVisible = 0;
			defaultConfigurationName = Release;
		};
		7802A5F02ADFF097008467A5 /* Build configuration list for PBXNativeTarget "Scrumdigner" */ = {
			isa = XCConfigurationList;
			buildConfigurations = (
				7802A5F12ADFF097008467A5 /* Debug */,
				7802A5F22ADFF097008467A5 /* Release */,
			);
			defaultConfigurationIsVisible = 0;
			defaultConfigurationName = Release;
		};
/* End XCConfigurationList section */
	};
	rootObject = 7802A5DA2ADFF095008467A5 /* Project object */;
}
